
Microsoft Visual Studio Solution File, Format Version 12.00
# Visual Studio 15
Project("{FAE04EC0-301F-11D3-BF4B-00C04F79EFBC}") = "Assembly-CSharp", "Assembly-CSharp.csproj", "{7C683728-D761-AEFA-EAB1-A4AB2A4D1B05}"
EndProject
Project("{FAE04EC0-301F-11D3-BF4B-00C04F79EFBC}") = "Assembly-CSharp-Editor", "Assembly-CSharp-Editor.csproj", "{84BFA1F8-2264-A96A-B57E-FEBF49CD38AA}"
EndProject
Global
	GlobalSection(SolutionConfigurationPlatforms) = preSolution
		Debug|Any CPU = Debug|Any CPU
		Release|Any CPU = Release|Any CPU
	EndGlobalSection
	GlobalSection(ProjectConfigurationPlatforms) = postSolution
		{7C683728-D761-AEFA-EAB1-A4AB2A4D1B05}.Debug|Any CPU.ActiveCfg = Debug|Any CPU
		{7C683728-D761-AEFA-EAB1-A4AB2A4D1B05}.Debug|Any CPU.Build.0 = Debug|Any CPU
		{7C683728-D761-AEFA-EAB1-A4AB2A4D1B05}.Release|Any CPU.ActiveCfg = Release|Any CPU
		{7C683728-D761-AEFA-EAB1-A4AB2A4D1B05}.Release|Any CPU.Build.0 = Release|Any CPU
		{84BFA1F8-2264-A96A-B57E-FEBF49CD38AA}.Debug|Any CPU.ActiveCfg = Debug|Any CPU
		{84BFA1F8-2264-A96A-B57E-FEBF49CD38AA}.Debug|Any CPU.Build.0 = Debug|Any CPU
		{84BFA1F8-2264-A96A-B57E-FEBF49CD38AA}.Release|Any CPU.ActiveCfg = Release|Any CPU
		{84BFA1F8-2264-A96A-B57E-FEBF49CD38AA}.Release|Any CPU.Build.0 = Release|Any CPU
	EndGlobalSection
	GlobalSection(SolutionProperties) = preSolution
		HideSolutionNode = FALSE
	EndGlobalSection
EndGlobal
